
Microsoft Visual Studio Solution File, Format Version 12.00
# Visual Studio Version 17
VisualStudioVersion = 17.8.34316.72
MinimumVisualStudioVersion = 10.0.40219.1
Project("{FAE04EC0-301F-11D3-BF4B-00C04F79EFBC}") = "BaseDatosPrueba2", "BaseDatosPrueba2\BaseDatosPrueba2.csproj", "{1DF4286A-766B-4B0F-99A8-C0CB7178D763}"
EndProject
Global
	GlobalSection(SolutionConfigurationPlatforms) = preSolution
		Debug|Any CPU = Debug|Any CPU
		Release|Any CPU = Release|Any CPU
	EndGlobalSection
	GlobalSection(ProjectConfigurationPlatforms) = postSolution
		{1DF4286A-766B-4B0F-99A8-C0CB7178D763}.Debug|Any CPU.ActiveCfg = Debug|Any CPU
		{1DF4286A-766B-4B0F-99A8-C0CB7178D763}.Debug|Any CPU.Build.0 = Debug|Any CPU
		{1DF4286A-766B-4B0F-99A8-C0CB7178D763}.Release|Any CPU.ActiveCfg = Release|Any CPU
		{1DF4286A-766B-4B0F-99A8-C0CB7178D763}.Release|Any CPU.Build.0 = Release|Any CPU
	EndGlobalSection
	GlobalSection(SolutionProperties) = preSolution
		HideSolutionNode = FALSE
	EndGlobalSection
	GlobalSection(ExtensibilityGlobals) = postSolution
		SolutionGuid = {54B52D7B-2E6F-4473-B3CE-1A1A6BB0EFE9}
	EndGlobalSection
EndGlobal
