
Microsoft Visual Studio Solution File, Format Version 12.00
# Visual Studio Version 17
VisualStudioVersion = 17.11.35222.181
MinimumVisualStudioVersion = 10.0.40219.1
Project("{9A19103F-16F7-4668-BE54-9A1E7A4F7556}") = "Ejercicio01", "Diseño_Interfaces\Ejercicio01.csproj", "{F448A838-50E2-49AA-9190-5CEE939B1AC7}"
EndProject
Project("{9A19103F-16F7-4668-BE54-9A1E7A4F7556}") = "Ejercicio02", "Ejercicio2\Ejercicio02.csproj", "{DB83CAA6-E756-42C6-92F6-5EE88A2D3EE8}"
EndProject
Project("{9A19103F-16F7-4668-BE54-9A1E7A4F7556}") = "Ejercicio03", "Ejercicio3\Ejercicio03.csproj", "{600BBAD0-DEB9-47C0-907B-21A3921B6D05}"
EndProject
Project("{9A19103F-16F7-4668-BE54-9A1E7A4F7556}") = "Ejercicio04", "Ejercicio4\Ejercicio04.csproj", "{C338525A-3932-48C4-B6A6-66BA181369DC}"
EndProject
Project("{9A19103F-16F7-4668-BE54-9A1E7A4F7556}") = "Ejercicio05", "Ejercicio5\Ejercicio05.csproj", "{AA52683D-F1F1-47FA-8922-CDA1736473B4}"
EndProject
Project("{9A19103F-16F7-4668-BE54-9A1E7A4F7556}") = "Ejercicio06", "Ejercicio6\Ejercicio06.csproj", "{A4E991FA-C4F3-49F3-B3FE-DB9F6C8E4C50}"
EndProject
Project("{9A19103F-16F7-4668-BE54-9A1E7A4F7556}") = "Ejercicio07", "Ejercicio7\Ejercicio07.csproj", "{722CA052-3638-4E3F-A6E2-BB9E5A6DCB0E}"
EndProject
Project("{9A19103F-16F7-4668-BE54-9A1E7A4F7556}") = "Ejercicio08", "Ejercicio 8\Ejercicio08.csproj", "{B85E41A5-92D9-41CC-BE2B-576EA6DC789F}"
EndProject
Project("{9A19103F-16F7-4668-BE54-9A1E7A4F7556}") = "Ejercicio09", "Ejercicio9\Ejercicio09.csproj", "{E2D60047-BE36-4AD4-A893-1050EEFF3AC6}"
EndProject
Project("{9A19103F-16F7-4668-BE54-9A1E7A4F7556}") = "Ejercicio10", "Ejercicio10\Ejercicio10.csproj", "{53A53ED0-705A-4064-BE17-98A5F9336A2A}"
EndProject
Project("{9A19103F-16F7-4668-BE54-9A1E7A4F7556}") = "Ejercicio11", "ConsoleApp1\Ejercicio11.csproj", "{9929D476-58E6-4114-87B9-3560350122AA}"
EndProject
Project("{9A19103F-16F7-4668-BE54-9A1E7A4F7556}") = "Ejercicio12", "Ejercicio12\Ejercicio12.csproj", "{37CF6758-94A9-46A7-9C6E-1B99FAFD9D5A}"
EndProject
Project("{9A19103F-16F7-4668-BE54-9A1E7A4F7556}") = "Proyecto01", "Proyecto01\Proyecto01.csproj", "{54C40594-E605-4ADA-8E58-F3ED3DCC0C46}"
EndProject
Project("{9A19103F-16F7-4668-BE54-9A1E7A4F7556}") = "Tienda", "Tienda\Tienda.csproj", "{88CB61C8-5B64-4CAA-9DE0-AC44ED4BBEE5}"
EndProject
Project("{9A19103F-16F7-4668-BE54-9A1E7A4F7556}") = "WPF01_Sumar_Restar", "WTF01\WPF01_Sumar_Restar.csproj", "{877A3227-CE94-44B1-9E77-798BCD9AE36B}"
EndProject
Project("{9A19103F-16F7-4668-BE54-9A1E7A4F7556}") = "WPF02_ListBox", "WPF02\WPF02_ListBox.csproj", "{314C40E2-32DF-4032-9F60-EBAE7EAF5F36}"
EndProject
Project("{9A19103F-16F7-4668-BE54-9A1E7A4F7556}") = "WPF03_Coversion_Peso", "WTF03\WPF03_Coversion_Peso.csproj", "{91E9652C-F0A4-4E26-BC80-A737381238C7}"
EndProject
Project("{9A19103F-16F7-4668-BE54-9A1E7A4F7556}") = "WPF04_IMC", "WTF04\WPF04_IMC.csproj", "{98305FEE-BDC1-4485-B6DD-762BDACFE327}"
EndProject
Project("{9A19103F-16F7-4668-BE54-9A1E7A4F7556}") = "WPF05_Coversion_Monedas", "WTF05\WPF05_Coversion_Monedas.csproj", "{D3FEE79E-ED7F-44F7-8C30-BF8A96E2A81A}"
EndProject
Project("{9A19103F-16F7-4668-BE54-9A1E7A4F7556}") = "WPF06_Areas", "WTF06\WPF06_Areas.csproj", "{BDC6C1FB-B281-46DC-B2C3-6B23C5F1B053}"
EndProject
Project("{9A19103F-16F7-4668-BE54-9A1E7A4F7556}") = "WPF07_adivinarNumero", "WTF07\WPF07_adivinarNumero.csproj", "{9B5256A2-947D-49C9-AE91-64E1704DEBCF}"
EndProject
Project("{9A19103F-16F7-4668-BE54-9A1E7A4F7556}") = "WPF08_Recursos", "WTF08\WPF08_Recursos.csproj", "{B0A5814C-DD1C-4A38-BE2C-E0D08422D143}"
EndProject
Project("{9A19103F-16F7-4668-BE54-9A1E7A4F7556}") = "WPF09_ROWS", "WTF09\WPF09_ROWS.csproj", "{2A2D8918-1C48-4024-81E1-125AB1B9273A}"
EndProject
Project("{9A19103F-16F7-4668-BE54-9A1E7A4F7556}") = "WPF10_Colums_Rows", "WTF10\WPF10_Colums_Rows.csproj", "{65CA6470-2AF4-4177-BAB2-9A13A35A708E}"
EndProject
Project("{9A19103F-16F7-4668-BE54-9A1E7A4F7556}") = "WPF11_Porcentajes_Colums_Rows", "WTF11\WPF11_Porcentajes_Colums_Rows.csproj", "{A6F27E4C-C17C-4E8A-9E25-18BD08BF9E59}"
EndProject
Project("{9A19103F-16F7-4668-BE54-9A1E7A4F7556}") = "WPF12_Generar_Botones_Calculadora", "WTF12\WPF12_Generar_Botones_Calculadora.csproj", "{2675869D-D804-4F45-87AF-1B2830B79190}"
EndProject
Project("{9A19103F-16F7-4668-BE54-9A1E7A4F7556}") = "WPF13_Posicionamiento_GeneracionAutomatica", "WTF13\WPF13_Posicionamiento_GeneracionAutomatica.csproj", "{AB58E39D-2493-406F-BFB4-2EE3B9D6820B}"
EndProject
Project("{9A19103F-16F7-4668-BE54-9A1E7A4F7556}") = "WPF14_WrapPanel", "WTF14\WPF14_WrapPanel.csproj", "{4C665E3C-2340-4BEB-A01C-F7C9740A3E6B}"
EndProject
Project("{9A19103F-16F7-4668-BE54-9A1E7A4F7556}") = "WPF15_SatckPanel", "WTF15\WPF15_SatckPanel.csproj", "{77BA433B-11CE-4DC4-B335-C7144A6F4788}"
EndProject
Project("{9A19103F-16F7-4668-BE54-9A1E7A4F7556}") = "WPF16_Formulario_Persona", "WTF16\WPF16_Formulario_Persona.csproj", "{6E8A6B3D-09BD-41F7-BB9C-0CA77192786A}"
EndProject
Project("{9A19103F-16F7-4668-BE54-9A1E7A4F7556}") = "WPF17_Biding_Letras", "WTF17\WPF17_Biding_Letras.csproj", "{B957E749-34A6-406C-B709-27707970B778}"
EndProject
Project("{9A19103F-16F7-4668-BE54-9A1E7A4F7556}") = "WPF18_Binding_Espejo", "WTF18\WPF18_Binding_Espejo.csproj", "{4CEA3E75-51E3-4E55-BA68-5B3FEC87F15D}"
EndProject
Project("{9A19103F-16F7-4668-BE54-9A1E7A4F7556}") = "WPF19_Data_Grid", "WTF19\WPF19_Data_Grid.csproj", "{82C26801-FB87-4C4B-8A78-AFB83A0AE87B}"
EndProject
Project("{9A19103F-16F7-4668-BE54-9A1E7A4F7556}") = "WPF20_Tab_Control", "WTF20_Tab_Control\WPF20_Tab_Control.csproj", "{008F4445-401B-452E-844B-17D5E45EEBE3}"
EndProject
Project("{9A19103F-16F7-4668-BE54-9A1E7A4F7556}") = "WPF21_Personaje_Rol", "WTF21_Personaje_Rol\WPF21_Personaje_Rol.csproj", "{3BBF1A0B-9EDF-48E2-B766-65F366416188}"
EndProject
Project("{FAE04EC0-301F-11D3-BF4B-00C04F79EFBC}") = "WPF22_MINI_ITO", "WPF22_MINI_ITO\WPF22_MINI_ITO.csproj", "{18FB8848-147A-4D97-A967-7446B30A4D81}"
EndProject
Global
	GlobalSection(SolutionConfigurationPlatforms) = preSolution
		Debug|Any CPU = Debug|Any CPU
		Release|Any CPU = Release|Any CPU
	EndGlobalSection
	GlobalSection(ProjectConfigurationPlatforms) = postSolution
		{F448A838-50E2-49AA-9190-5CEE939B1AC7}.Debug|Any CPU.ActiveCfg = Debug|Any CPU
		{F448A838-50E2-49AA-9190-5CEE939B1AC7}.Debug|Any CPU.Build.0 = Debug|Any CPU
		{F448A838-50E2-49AA-9190-5CEE939B1AC7}.Release|Any CPU.ActiveCfg = Release|Any CPU
		{F448A838-50E2-49AA-9190-5CEE939B1AC7}.Release|Any CPU.Build.0 = Release|Any CPU
		{DB83CAA6-E756-42C6-92F6-5EE88A2D3EE8}.Debug|Any CPU.ActiveCfg = Debug|Any CPU
		{DB83CAA6-E756-42C6-92F6-5EE88A2D3EE8}.Debug|Any CPU.Build.0 = Debug|Any CPU
		{DB83CAA6-E756-42C6-92F6-5EE88A2D3EE8}.Release|Any CPU.ActiveCfg = Release|Any CPU
		{DB83CAA6-E756-42C6-92F6-5EE88A2D3EE8}.Release|Any CPU.Build.0 = Release|Any CPU
		{600BBAD0-DEB9-47C0-907B-21A3921B6D05}.Debug|Any CPU.ActiveCfg = Debug|Any CPU
		{600BBAD0-DEB9-47C0-907B-21A3921B6D05}.Debug|Any CPU.Build.0 = Debug|Any CPU
		{600BBAD0-DEB9-47C0-907B-21A3921B6D05}.Release|Any CPU.ActiveCfg = Release|Any CPU
		{600BBAD0-DEB9-47C0-907B-21A3921B6D05}.Release|Any CPU.Build.0 = Release|Any CPU
		{C338525A-3932-48C4-B6A6-66BA181369DC}.Debug|Any CPU.ActiveCfg = Debug|Any CPU
		{C338525A-3932-48C4-B6A6-66BA181369DC}.Debug|Any CPU.Build.0 = Debug|Any CPU
		{C338525A-3932-48C4-B6A6-66BA181369DC}.Release|Any CPU.ActiveCfg = Release|Any CPU
		{C338525A-3932-48C4-B6A6-66BA181369DC}.Release|Any CPU.Build.0 = Release|Any CPU
		{AA52683D-F1F1-47FA-8922-CDA1736473B4}.Debug|Any CPU.ActiveCfg = Debug|Any CPU
		{AA52683D-F1F1-47FA-8922-CDA1736473B4}.Debug|Any CPU.Build.0 = Debug|Any CPU
		{AA52683D-F1F1-47FA-8922-CDA1736473B4}.Release|Any CPU.ActiveCfg = Release|Any CPU
		{AA52683D-F1F1-47FA-8922-CDA1736473B4}.Release|Any CPU.Build.0 = Release|Any CPU
		{A4E991FA-C4F3-49F3-B3FE-DB9F6C8E4C50}.Debug|Any CPU.ActiveCfg = Debug|Any CPU
		{A4E991FA-C4F3-49F3-B3FE-DB9F6C8E4C50}.Debug|Any CPU.Build.0 = Debug|Any CPU
		{A4E991FA-C4F3-49F3-B3FE-DB9F6C8E4C50}.Release|Any CPU.ActiveCfg = Release|Any CPU
		{A4E991FA-C4F3-49F3-B3FE-DB9F6C8E4C50}.Release|Any CPU.Build.0 = Release|Any CPU
		{722CA052-3638-4E3F-A6E2-BB9E5A6DCB0E}.Debug|Any CPU.ActiveCfg = Debug|Any CPU
		{722CA052-3638-4E3F-A6E2-BB9E5A6DCB0E}.Debug|Any CPU.Build.0 = Debug|Any CPU
		{722CA052-3638-4E3F-A6E2-BB9E5A6DCB0E}.Release|Any CPU.ActiveCfg = Release|Any CPU
		{722CA052-3638-4E3F-A6E2-BB9E5A6DCB0E}.Release|Any CPU.Build.0 = Release|Any CPU
		{B85E41A5-92D9-41CC-BE2B-576EA6DC789F}.Debug|Any CPU.ActiveCfg = Debug|Any CPU
		{B85E41A5-92D9-41CC-BE2B-576EA6DC789F}.Debug|Any CPU.Build.0 = Debug|Any CPU
		{B85E41A5-92D9-41CC-BE2B-576EA6DC789F}.Release|Any CPU.ActiveCfg = Release|Any CPU
		{B85E41A5-92D9-41CC-BE2B-576EA6DC789F}.Release|Any CPU.Build.0 = Release|Any CPU
		{E2D60047-BE36-4AD4-A893-1050EEFF3AC6}.Debug|Any CPU.ActiveCfg = Debug|Any CPU
		{E2D60047-BE36-4AD4-A893-1050EEFF3AC6}.Debug|Any CPU.Build.0 = Debug|Any CPU
		{E2D60047-BE36-4AD4-A893-1050EEFF3AC6}.Release|Any CPU.ActiveCfg = Release|Any CPU
		{E2D60047-BE36-4AD4-A893-1050EEFF3AC6}.Release|Any CPU.Build.0 = Release|Any CPU
		{53A53ED0-705A-4064-BE17-98A5F9336A2A}.Debug|Any CPU.ActiveCfg = Debug|Any CPU
		{53A53ED0-705A-4064-BE17-98A5F9336A2A}.Debug|Any CPU.Build.0 = Debug|Any CPU
		{53A53ED0-705A-4064-BE17-98A5F9336A2A}.Release|Any CPU.ActiveCfg = Release|Any CPU
		{53A53ED0-705A-4064-BE17-98A5F9336A2A}.Release|Any CPU.Build.0 = Release|Any CPU
		{9929D476-58E6-4114-87B9-3560350122AA}.Debug|Any CPU.ActiveCfg = Debug|Any CPU
		{9929D476-58E6-4114-87B9-3560350122AA}.Debug|Any CPU.Build.0 = Debug|Any CPU
		{9929D476-58E6-4114-87B9-3560350122AA}.Release|Any CPU.ActiveCfg = Release|Any CPU
		{9929D476-58E6-4114-87B9-3560350122AA}.Release|Any CPU.Build.0 = Release|Any CPU
		{37CF6758-94A9-46A7-9C6E-1B99FAFD9D5A}.Debug|Any CPU.ActiveCfg = Debug|Any CPU
		{37CF6758-94A9-46A7-9C6E-1B99FAFD9D5A}.Debug|Any CPU.Build.0 = Debug|Any CPU
		{37CF6758-94A9-46A7-9C6E-1B99FAFD9D5A}.Release|Any CPU.ActiveCfg = Release|Any CPU
		{37CF6758-94A9-46A7-9C6E-1B99FAFD9D5A}.Release|Any CPU.Build.0 = Release|Any CPU
		{54C40594-E605-4ADA-8E58-F3ED3DCC0C46}.Debug|Any CPU.ActiveCfg = Debug|Any CPU
		{54C40594-E605-4ADA-8E58-F3ED3DCC0C46}.Debug|Any CPU.Build.0 = Debug|Any CPU
		{54C40594-E605-4ADA-8E58-F3ED3DCC0C46}.Release|Any CPU.ActiveCfg = Release|Any CPU
		{54C40594-E605-4ADA-8E58-F3ED3DCC0C46}.Release|Any CPU.Build.0 = Release|Any CPU
		{88CB61C8-5B64-4CAA-9DE0-AC44ED4BBEE5}.Debug|Any CPU.ActiveCfg = Debug|Any CPU
		{88CB61C8-5B64-4CAA-9DE0-AC44ED4BBEE5}.Debug|Any CPU.Build.0 = Debug|Any CPU
		{88CB61C8-5B64-4CAA-9DE0-AC44ED4BBEE5}.Release|Any CPU.ActiveCfg = Release|Any CPU
		{88CB61C8-5B64-4CAA-9DE0-AC44ED4BBEE5}.Release|Any CPU.Build.0 = Release|Any CPU
		{877A3227-CE94-44B1-9E77-798BCD9AE36B}.Debug|Any CPU.ActiveCfg = Debug|Any CPU
		{877A3227-CE94-44B1-9E77-798BCD9AE36B}.Debug|Any CPU.Build.0 = Debug|Any CPU
		{877A3227-CE94-44B1-9E77-798BCD9AE36B}.Release|Any CPU.ActiveCfg = Release|Any CPU
		{877A3227-CE94-44B1-9E77-798BCD9AE36B}.Release|Any CPU.Build.0 = Release|Any CPU
		{314C40E2-32DF-4032-9F60-EBAE7EAF5F36}.Debug|Any CPU.ActiveCfg = Debug|Any CPU
		{314C40E2-32DF-4032-9F60-EBAE7EAF5F36}.Debug|Any CPU.Build.0 = Debug|Any CPU
		{314C40E2-32DF-4032-9F60-EBAE7EAF5F36}.Release|Any CPU.ActiveCfg = Release|Any CPU
		{314C40E2-32DF-4032-9F60-EBAE7EAF5F36}.Release|Any CPU.Build.0 = Release|Any CPU
		{91E9652C-F0A4-4E26-BC80-A737381238C7}.Debug|Any CPU.ActiveCfg = Debug|Any CPU
		{91E9652C-F0A4-4E26-BC80-A737381238C7}.Debug|Any CPU.Build.0 = Debug|Any CPU
		{91E9652C-F0A4-4E26-BC80-A737381238C7}.Release|Any CPU.ActiveCfg = Release|Any CPU
		{91E9652C-F0A4-4E26-BC80-A737381238C7}.Release|Any CPU.Build.0 = Release|Any CPU
		{98305FEE-BDC1-4485-B6DD-762BDACFE327}.Debug|Any CPU.ActiveCfg = Debug|Any CPU
		{98305FEE-BDC1-4485-B6DD-762BDACFE327}.Debug|Any CPU.Build.0 = Debug|Any CPU
		{98305FEE-BDC1-4485-B6DD-762BDACFE327}.Release|Any CPU.ActiveCfg = Release|Any CPU
		{98305FEE-BDC1-4485-B6DD-762BDACFE327}.Release|Any CPU.Build.0 = Release|Any CPU
		{D3FEE79E-ED7F-44F7-8C30-BF8A96E2A81A}.Debug|Any CPU.ActiveCfg = Debug|Any CPU
		{D3FEE79E-ED7F-44F7-8C30-BF8A96E2A81A}.Debug|Any CPU.Build.0 = Debug|Any CPU
		{D3FEE79E-ED7F-44F7-8C30-BF8A96E2A81A}.Release|Any CPU.ActiveCfg = Release|Any CPU
		{D3FEE79E-ED7F-44F7-8C30-BF8A96E2A81A}.Release|Any CPU.Build.0 = Release|Any CPU
		{BDC6C1FB-B281-46DC-B2C3-6B23C5F1B053}.Debug|Any CPU.ActiveCfg = Debug|Any CPU
		{BDC6C1FB-B281-46DC-B2C3-6B23C5F1B053}.Debug|Any CPU.Build.0 = Debug|Any CPU
		{BDC6C1FB-B281-46DC-B2C3-6B23C5F1B053}.Release|Any CPU.ActiveCfg = Release|Any CPU
		{BDC6C1FB-B281-46DC-B2C3-6B23C5F1B053}.Release|Any CPU.Build.0 = Release|Any CPU
		{9B5256A2-947D-49C9-AE91-64E1704DEBCF}.Debug|Any CPU.ActiveCfg = Debug|Any CPU
		{9B5256A2-947D-49C9-AE91-64E1704DEBCF}.Debug|Any CPU.Build.0 = Debug|Any CPU
		{9B5256A2-947D-49C9-AE91-64E1704DEBCF}.Release|Any CPU.ActiveCfg = Release|Any CPU
		{9B5256A2-947D-49C9-AE91-64E1704DEBCF}.Release|Any CPU.Build.0 = Release|Any CPU
		{B0A5814C-DD1C-4A38-BE2C-E0D08422D143}.Debug|Any CPU.ActiveCfg = Debug|Any CPU
		{B0A5814C-DD1C-4A38-BE2C-E0D08422D143}.Debug|Any CPU.Build.0 = Debug|Any CPU
		{B0A5814C-DD1C-4A38-BE2C-E0D08422D143}.Release|Any CPU.ActiveCfg = Release|Any CPU
		{B0A5814C-DD1C-4A38-BE2C-E0D08422D143}.Release|Any CPU.Build.0 = Release|Any CPU
		{2A2D8918-1C48-4024-81E1-125AB1B9273A}.Debug|Any CPU.ActiveCfg = Debug|Any CPU
		{2A2D8918-1C48-4024-81E1-125AB1B9273A}.Debug|Any CPU.Build.0 = Debug|Any CPU
		{2A2D8918-1C48-4024-81E1-125AB1B9273A}.Release|Any CPU.ActiveCfg = Release|Any CPU
		{2A2D8918-1C48-4024-81E1-125AB1B9273A}.Release|Any CPU.Build.0 = Release|Any CPU
		{65CA6470-2AF4-4177-BAB2-9A13A35A708E}.Debug|Any CPU.ActiveCfg = Debug|Any CPU
		{65CA6470-2AF4-4177-BAB2-9A13A35A708E}.Debug|Any CPU.Build.0 = Debug|Any CPU
		{65CA6470-2AF4-4177-BAB2-9A13A35A708E}.Release|Any CPU.ActiveCfg = Release|Any CPU
		{65CA6470-2AF4-4177-BAB2-9A13A35A708E}.Release|Any CPU.Build.0 = Release|Any CPU
		{A6F27E4C-C17C-4E8A-9E25-18BD08BF9E59}.Debug|Any CPU.ActiveCfg = Debug|Any CPU
		{A6F27E4C-C17C-4E8A-9E25-18BD08BF9E59}.Debug|Any CPU.Build.0 = Debug|Any CPU
		{A6F27E4C-C17C-4E8A-9E25-18BD08BF9E59}.Release|Any CPU.ActiveCfg = Release|Any CPU
		{A6F27E4C-C17C-4E8A-9E25-18BD08BF9E59}.Release|Any CPU.Build.0 = Release|Any CPU
		{2675869D-D804-4F45-87AF-1B2830B79190}.Debug|Any CPU.ActiveCfg = Debug|Any CPU
		{2675869D-D804-4F45-87AF-1B2830B79190}.Debug|Any CPU.Build.0 = Debug|Any CPU
		{2675869D-D804-4F45-87AF-1B2830B79190}.Release|Any CPU.ActiveCfg = Release|Any CPU
		{2675869D-D804-4F45-87AF-1B2830B79190}.Release|Any CPU.Build.0 = Release|Any CPU
		{AB58E39D-2493-406F-BFB4-2EE3B9D6820B}.Debug|Any CPU.ActiveCfg = Debug|Any CPU
		{AB58E39D-2493-406F-BFB4-2EE3B9D6820B}.Debug|Any CPU.Build.0 = Debug|Any CPU
		{AB58E39D-2493-406F-BFB4-2EE3B9D6820B}.Release|Any CPU.ActiveCfg = Release|Any CPU
		{AB58E39D-2493-406F-BFB4-2EE3B9D6820B}.Release|Any CPU.Build.0 = Release|Any CPU
		{4C665E3C-2340-4BEB-A01C-F7C9740A3E6B}.Debug|Any CPU.ActiveCfg = Debug|Any CPU
		{4C665E3C-2340-4BEB-A01C-F7C9740A3E6B}.Debug|Any CPU.Build.0 = Debug|Any CPU
		{4C665E3C-2340-4BEB-A01C-F7C9740A3E6B}.Release|Any CPU.ActiveCfg = Release|Any CPU
		{4C665E3C-2340-4BEB-A01C-F7C9740A3E6B}.Release|Any CPU.Build.0 = Release|Any CPU
		{77BA433B-11CE-4DC4-B335-C7144A6F4788}.Debug|Any CPU.ActiveCfg = Debug|Any CPU
		{77BA433B-11CE-4DC4-B335-C7144A6F4788}.Debug|Any CPU.Build.0 = Debug|Any CPU
		{77BA433B-11CE-4DC4-B335-C7144A6F4788}.Release|Any CPU.ActiveCfg = Release|Any CPU
		{77BA433B-11CE-4DC4-B335-C7144A6F4788}.Release|Any CPU.Build.0 = Release|Any CPU
		{6E8A6B3D-09BD-41F7-BB9C-0CA77192786A}.Debug|Any CPU.ActiveCfg = Debug|Any CPU
		{6E8A6B3D-09BD-41F7-BB9C-0CA77192786A}.Debug|Any CPU.Build.0 = Debug|Any CPU
		{6E8A6B3D-09BD-41F7-BB9C-0CA77192786A}.Release|Any CPU.ActiveCfg = Release|Any CPU
		{6E8A6B3D-09BD-41F7-BB9C-0CA77192786A}.Release|Any CPU.Build.0 = Release|Any CPU
		{B957E749-34A6-406C-B709-27707970B778}.Debug|Any CPU.ActiveCfg = Debug|Any CPU
		{B957E749-34A6-406C-B709-27707970B778}.Debug|Any CPU.Build.0 = Debug|Any CPU
		{B957E749-34A6-406C-B709-27707970B778}.Release|Any CPU.ActiveCfg = Release|Any CPU
		{B957E749-34A6-406C-B709-27707970B778}.Release|Any CPU.Build.0 = Release|Any CPU
		{4CEA3E75-51E3-4E55-BA68-5B3FEC87F15D}.Debug|Any CPU.ActiveCfg = Debug|Any CPU
		{4CEA3E75-51E3-4E55-BA68-5B3FEC87F15D}.Debug|Any CPU.Build.0 = Debug|Any CPU
		{4CEA3E75-51E3-4E55-BA68-5B3FEC87F15D}.Release|Any CPU.ActiveCfg = Release|Any CPU
		{4CEA3E75-51E3-4E55-BA68-5B3FEC87F15D}.Release|Any CPU.Build.0 = Release|Any CPU
		{82C26801-FB87-4C4B-8A78-AFB83A0AE87B}.Debug|Any CPU.ActiveCfg = Debug|Any CPU
		{82C26801-FB87-4C4B-8A78-AFB83A0AE87B}.Debug|Any CPU.Build.0 = Debug|Any CPU
		{82C26801-FB87-4C4B-8A78-AFB83A0AE87B}.Release|Any CPU.ActiveCfg = Release|Any CPU
		{82C26801-FB87-4C4B-8A78-AFB83A0AE87B}.Release|Any CPU.Build.0 = Release|Any CPU
		{008F4445-401B-452E-844B-17D5E45EEBE3}.Debug|Any CPU.ActiveCfg = Debug|Any CPU
		{008F4445-401B-452E-844B-17D5E45EEBE3}.Debug|Any CPU.Build.0 = Debug|Any CPU
		{008F4445-401B-452E-844B-17D5E45EEBE3}.Release|Any CPU.ActiveCfg = Release|Any CPU
		{008F4445-401B-452E-844B-17D5E45EEBE3}.Release|Any CPU.Build.0 = Release|Any CPU
		{3BBF1A0B-9EDF-48E2-B766-65F366416188}.Debug|Any CPU.ActiveCfg = Debug|Any CPU
		{3BBF1A0B-9EDF-48E2-B766-65F366416188}.Debug|Any CPU.Build.0 = Debug|Any CPU
		{3BBF1A0B-9EDF-48E2-B766-65F366416188}.Release|Any CPU.ActiveCfg = Release|Any CPU
		{3BBF1A0B-9EDF-48E2-B766-65F366416188}.Release|Any CPU.Build.0 = Release|Any CPU
		{18FB8848-147A-4D97-A967-7446B30A4D81}.Debug|Any CPU.ActiveCfg = Debug|Any CPU
		{18FB8848-147A-4D97-A967-7446B30A4D81}.Debug|Any CPU.Build.0 = Debug|Any CPU
		{18FB8848-147A-4D97-A967-7446B30A4D81}.Release|Any CPU.ActiveCfg = Release|Any CPU
		{18FB8848-147A-4D97-A967-7446B30A4D81}.Release|Any CPU.Build.0 = Release|Any CPU
	EndGlobalSection
	GlobalSection(SolutionProperties) = preSolution
		HideSolutionNode = FALSE
	EndGlobalSection
	GlobalSection(ExtensibilityGlobals) = postSolution
		SolutionGuid = {CD3288FD-FFD7-42C2-B2A3-CC082B3066A3}
	EndGlobalSection
EndGlobal
