
Microsoft Visual Studio Solution File, Format Version 12.00
# Visual Studio Version 17
VisualStudioVersion = 17.11.35222.181
MinimumVisualStudioVersion = 10.0.40219.1
Project("{9A19103F-16F7-4668-BE54-9A1E7A4F7556}") = "Ejercicio01", "Diseño_Interfaces\Ejercicio01.csproj", "{F448A838-50E2-49AA-9190-5CEE939B1AC7}"
EndProject
Project("{9A19103F-16F7-4668-BE54-9A1E7A4F7556}") = "Ejercicio02", "Ejercicio2\Ejercicio02.csproj", "{DB83CAA6-E756-42C6-92F6-5EE88A2D3EE8}"
EndProject
Project("{9A19103F-16F7-4668-BE54-9A1E7A4F7556}") = "Ejercicio03", "Ejercicio3\Ejercicio03.csproj", "{600BBAD0-DEB9-47C0-907B-21A3921B6D05}"
EndProject
Project("{9A19103F-16F7-4668-BE54-9A1E7A4F7556}") = "Ejercicio04", "Ejercicio4\Ejercicio04.csproj", "{C338525A-3932-48C4-B6A6-66BA181369DC}"
EndProject
Project("{9A19103F-16F7-4668-BE54-9A1E7A4F7556}") = "Ejercicio05", "Ejercicio5\Ejercicio05.csproj", "{AA52683D-F1F1-47FA-8922-CDA1736473B4}"
EndProject
Project("{9A19103F-16F7-4668-BE54-9A1E7A4F7556}") = "Ejercicio06", "Ejercicio6\Ejercicio06.csproj", "{A4E991FA-C4F3-49F3-B3FE-DB9F6C8E4C50}"
EndProject
Project("{9A19103F-16F7-4668-BE54-9A1E7A4F7556}") = "Ejercicio07", "Ejercicio7\Ejercicio07.csproj", "{722CA052-3638-4E3F-A6E2-BB9E5A6DCB0E}"
EndProject
Project("{9A19103F-16F7-4668-BE54-9A1E7A4F7556}") = "Ejercicio08", "Ejercicio 8\Ejercicio08.csproj", "{B85E41A5-92D9-41CC-BE2B-576EA6DC789F}"
EndProject
Project("{9A19103F-16F7-4668-BE54-9A1E7A4F7556}") = "Ejercicio09", "Ejercicio9\Ejercicio09.csproj", "{E2D60047-BE36-4AD4-A893-1050EEFF3AC6}"
EndProject
Project("{9A19103F-16F7-4668-BE54-9A1E7A4F7556}") = "Ejercicio10", "Ejercicio10\Ejercicio10.csproj", "{53A53ED0-705A-4064-BE17-98A5F9336A2A}"
EndProject
Project("{9A19103F-16F7-4668-BE54-9A1E7A4F7556}") = "Ejercicio11", "ConsoleApp1\Ejercicio11.csproj", "{9929D476-58E6-4114-87B9-3560350122AA}"
EndProject
Project("{FAE04EC0-301F-11D3-BF4B-00C04F79EFBC}") = "Ejercicio12", "Ejercicio12\Ejercicio12.csproj", "{37CF6758-94A9-46A7-9C6E-1B99FAFD9D5A}"
EndProject
Global
	GlobalSection(SolutionConfigurationPlatforms) = preSolution
		Debug|Any CPU = Debug|Any CPU
		Release|Any CPU = Release|Any CPU
	EndGlobalSection
	GlobalSection(ProjectConfigurationPlatforms) = postSolution
		{F448A838-50E2-49AA-9190-5CEE939B1AC7}.Debug|Any CPU.ActiveCfg = Debug|Any CPU
		{F448A838-50E2-49AA-9190-5CEE939B1AC7}.Debug|Any CPU.Build.0 = Debug|Any CPU
		{F448A838-50E2-49AA-9190-5CEE939B1AC7}.Release|Any CPU.ActiveCfg = Release|Any CPU
		{F448A838-50E2-49AA-9190-5CEE939B1AC7}.Release|Any CPU.Build.0 = Release|Any CPU
		{DB83CAA6-E756-42C6-92F6-5EE88A2D3EE8}.Debug|Any CPU.ActiveCfg = Debug|Any CPU
		{DB83CAA6-E756-42C6-92F6-5EE88A2D3EE8}.Debug|Any CPU.Build.0 = Debug|Any CPU
		{DB83CAA6-E756-42C6-92F6-5EE88A2D3EE8}.Release|Any CPU.ActiveCfg = Release|Any CPU
		{DB83CAA6-E756-42C6-92F6-5EE88A2D3EE8}.Release|Any CPU.Build.0 = Release|Any CPU
		{600BBAD0-DEB9-47C0-907B-21A3921B6D05}.Debug|Any CPU.ActiveCfg = Debug|Any CPU
		{600BBAD0-DEB9-47C0-907B-21A3921B6D05}.Debug|Any CPU.Build.0 = Debug|Any CPU
		{600BBAD0-DEB9-47C0-907B-21A3921B6D05}.Release|Any CPU.ActiveCfg = Release|Any CPU
		{600BBAD0-DEB9-47C0-907B-21A3921B6D05}.Release|Any CPU.Build.0 = Release|Any CPU
		{C338525A-3932-48C4-B6A6-66BA181369DC}.Debug|Any CPU.ActiveCfg = Debug|Any CPU
		{C338525A-3932-48C4-B6A6-66BA181369DC}.Debug|Any CPU.Build.0 = Debug|Any CPU
		{C338525A-3932-48C4-B6A6-66BA181369DC}.Release|Any CPU.ActiveCfg = Release|Any CPU
		{C338525A-3932-48C4-B6A6-66BA181369DC}.Release|Any CPU.Build.0 = Release|Any CPU
		{AA52683D-F1F1-47FA-8922-CDA1736473B4}.Debug|Any CPU.ActiveCfg = Debug|Any CPU
		{AA52683D-F1F1-47FA-8922-CDA1736473B4}.Debug|Any CPU.Build.0 = Debug|Any CPU
		{AA52683D-F1F1-47FA-8922-CDA1736473B4}.Release|Any CPU.ActiveCfg = Release|Any CPU
		{AA52683D-F1F1-47FA-8922-CDA1736473B4}.Release|Any CPU.Build.0 = Release|Any CPU
		{A4E991FA-C4F3-49F3-B3FE-DB9F6C8E4C50}.Debug|Any CPU.ActiveCfg = Debug|Any CPU
		{A4E991FA-C4F3-49F3-B3FE-DB9F6C8E4C50}.Debug|Any CPU.Build.0 = Debug|Any CPU
		{A4E991FA-C4F3-49F3-B3FE-DB9F6C8E4C50}.Release|Any CPU.ActiveCfg = Release|Any CPU
		{A4E991FA-C4F3-49F3-B3FE-DB9F6C8E4C50}.Release|Any CPU.Build.0 = Release|Any CPU
		{722CA052-3638-4E3F-A6E2-BB9E5A6DCB0E}.Debug|Any CPU.ActiveCfg = Debug|Any CPU
		{722CA052-3638-4E3F-A6E2-BB9E5A6DCB0E}.Debug|Any CPU.Build.0 = Debug|Any CPU
		{722CA052-3638-4E3F-A6E2-BB9E5A6DCB0E}.Release|Any CPU.ActiveCfg = Release|Any CPU
		{722CA052-3638-4E3F-A6E2-BB9E5A6DCB0E}.Release|Any CPU.Build.0 = Release|Any CPU
		{B85E41A5-92D9-41CC-BE2B-576EA6DC789F}.Debug|Any CPU.ActiveCfg = Debug|Any CPU
		{B85E41A5-92D9-41CC-BE2B-576EA6DC789F}.Debug|Any CPU.Build.0 = Debug|Any CPU
		{B85E41A5-92D9-41CC-BE2B-576EA6DC789F}.Release|Any CPU.ActiveCfg = Release|Any CPU
		{B85E41A5-92D9-41CC-BE2B-576EA6DC789F}.Release|Any CPU.Build.0 = Release|Any CPU
		{E2D60047-BE36-4AD4-A893-1050EEFF3AC6}.Debug|Any CPU.ActiveCfg = Debug|Any CPU
		{E2D60047-BE36-4AD4-A893-1050EEFF3AC6}.Debug|Any CPU.Build.0 = Debug|Any CPU
		{E2D60047-BE36-4AD4-A893-1050EEFF3AC6}.Release|Any CPU.ActiveCfg = Release|Any CPU
		{E2D60047-BE36-4AD4-A893-1050EEFF3AC6}.Release|Any CPU.Build.0 = Release|Any CPU
		{53A53ED0-705A-4064-BE17-98A5F9336A2A}.Debug|Any CPU.ActiveCfg = Debug|Any CPU
		{53A53ED0-705A-4064-BE17-98A5F9336A2A}.Debug|Any CPU.Build.0 = Debug|Any CPU
		{53A53ED0-705A-4064-BE17-98A5F9336A2A}.Release|Any CPU.ActiveCfg = Release|Any CPU
		{53A53ED0-705A-4064-BE17-98A5F9336A2A}.Release|Any CPU.Build.0 = Release|Any CPU
		{9929D476-58E6-4114-87B9-3560350122AA}.Debug|Any CPU.ActiveCfg = Debug|Any CPU
		{9929D476-58E6-4114-87B9-3560350122AA}.Debug|Any CPU.Build.0 = Debug|Any CPU
		{9929D476-58E6-4114-87B9-3560350122AA}.Release|Any CPU.ActiveCfg = Release|Any CPU
		{9929D476-58E6-4114-87B9-3560350122AA}.Release|Any CPU.Build.0 = Release|Any CPU
		{37CF6758-94A9-46A7-9C6E-1B99FAFD9D5A}.Debug|Any CPU.ActiveCfg = Debug|Any CPU
		{37CF6758-94A9-46A7-9C6E-1B99FAFD9D5A}.Debug|Any CPU.Build.0 = Debug|Any CPU
		{37CF6758-94A9-46A7-9C6E-1B99FAFD9D5A}.Release|Any CPU.ActiveCfg = Release|Any CPU
		{37CF6758-94A9-46A7-9C6E-1B99FAFD9D5A}.Release|Any CPU.Build.0 = Release|Any CPU
	EndGlobalSection
	GlobalSection(SolutionProperties) = preSolution
		HideSolutionNode = FALSE
	EndGlobalSection
	GlobalSection(ExtensibilityGlobals) = postSolution
		SolutionGuid = {CD3288FD-FFD7-42C2-B2A3-CC082B3066A3}
	EndGlobalSection
EndGlobal
